
Microsoft Visual Studio Solution File, Format Version 12.00
# Visual Studio Version 16
VisualStudioVersion = 16.0.30717.126
MinimumVisualStudioVersion = 10.0.40219.1
Project("{FAE04EC0-301F-11D3-BF4B-00C04F79EFBC}") = "HelloWebForms", "HelloWebForms.csproj", "{C15BE81A-7D48-4577-BC69-33E5845487A3}"
EndProject
Global
	GlobalSection(SolutionConfigurationPlatforms) = preSolution
		Debug|Any CPU = Debug|Any CPU
		Release|Any CPU = Release|Any CPU
	EndGlobalSection
	GlobalSection(ProjectConfigurationPlatforms) = postSolution
		{C15BE81A-7D48-4577-BC69-33E5845487A3}.Debug|Any CPU.ActiveCfg = Debug|Any CPU
		{C15BE81A-7D48-4577-BC69-33E5845487A3}.Debug|Any CPU.Build.0 = Debug|Any CPU
		{C15BE81A-7D48-4577-BC69-33E5845487A3}.Release|Any CPU.ActiveCfg = Release|Any CPU
		{C15BE81A-7D48-4577-BC69-33E5845487A3}.Release|Any CPU.Build.0 = Release|Any CPU
	EndGlobalSection
	GlobalSection(SolutionProperties) = preSolution
		HideSolutionNode = FALSE
	EndGlobalSection
	GlobalSection(ExtensibilityGlobals) = postSolution
		SolutionGuid = {AAA02BA2-2587-47DA-8F37-94E759BED185}
	EndGlobalSection
EndGlobal
